{
  "name": "@desfero/multi-repo-app",
  "version": "1.0.0",
  "lockfileVersion": 1,
  "requires": true,
  "dependencies": {
    "@desfero/multi-repo-core": {
      "version": "1.0.0",
      "resolved": "https://registry.npmjs.org/@desfero/multi-repo-core/-/multi-repo-core-1.0.0.tgz",
      "integrity": "sha512-RQC6um1GZ1+KDHT+LlhupbtyQtpPyt4mub9kH9zcJy08kTOG0WB2z70u5Kmh0mkn4acfuX8vvy2uUQShCt6rOw=="
    }
  }
}
